
Microsoft Visual Studio Solution File, Format Version 12.00
# Visual Studio 14
VisualStudioVersion = 14.0.25420.1
MinimumVisualStudioVersion = 10.0.40219.1
Project("{FAE04EC0-301F-11D3-BF4B-00C04F79EFBC}") = "LynxMagnus", "LynxMagnus\LynxMagnus.csproj", "{48D5C0A1-1168-4D91-A962-57C4B90CD23A}"
EndProject
Project("{FAE04EC0-301F-11D3-BF4B-00C04F79EFBC}") = "LynxMagnus.Tests", "LynxMagnus.Tests\LynxMagnus.Tests.csproj", "{0670E433-86F7-43FB-8270-86B26F28C06B}"
EndProject
Global
	GlobalSection(SolutionConfigurationPlatforms) = preSolution
		Debug|Any CPU = Debug|Any CPU
		Release|Any CPU = Release|Any CPU
	EndGlobalSection
	GlobalSection(ProjectConfigurationPlatforms) = postSolution
		{48D5C0A1-1168-4D91-A962-57C4B90CD23A}.Debug|Any CPU.ActiveCfg = Debug|Any CPU
		{48D5C0A1-1168-4D91-A962-57C4B90CD23A}.Debug|Any CPU.Build.0 = Debug|Any CPU
		{48D5C0A1-1168-4D91-A962-57C4B90CD23A}.Release|Any CPU.ActiveCfg = Release|Any CPU
		{48D5C0A1-1168-4D91-A962-57C4B90CD23A}.Release|Any CPU.Build.0 = Release|Any CPU
		{0670E433-86F7-43FB-8270-86B26F28C06B}.Debug|Any CPU.ActiveCfg = Debug|Any CPU
		{0670E433-86F7-43FB-8270-86B26F28C06B}.Debug|Any CPU.Build.0 = Debug|Any CPU
		{0670E433-86F7-43FB-8270-86B26F28C06B}.Release|Any CPU.ActiveCfg = Release|Any CPU
		{0670E433-86F7-43FB-8270-86B26F28C06B}.Release|Any CPU.Build.0 = Release|Any CPU
	EndGlobalSection
	GlobalSection(SolutionProperties) = preSolution
		HideSolutionNode = FALSE
	EndGlobalSection
	GlobalSection(TeamFoundationVersionControl) = preSolution
		SccNumberOfProjects = 3
		SccEnterpriseProvider = {4CA58AB2-18FA-4F8D-95D4-32DDF27D184C}
		SccTeamFoundationServer = https://johnwatson484.visualstudio.com/
		SccLocalPath0 = .
		SccProjectUniqueName1 = LynxMagnus.Tests\\LynxMagnus.Tests.csproj
		SccProjectName1 = LynxMagnus.Tests
		SccLocalPath1 = LynxMagnus.Tests
		SccProjectUniqueName2 = LynxMagnus\\LynxMagnus.csproj
		SccProjectName2 = LynxMagnus
		SccLocalPath2 = LynxMagnus
	EndGlobalSection
EndGlobal
